
Microsoft Visual Studio Solution File, Format Version 12.00
# Visual Studio 15
VisualStudioVersion = 15.0.28307.572
MinimumVisualStudioVersion = 10.0.40219.1
Project("{FAE04EC0-301F-11D3-BF4B-00C04F79EFBC}") = "ReleaseNotes", "ReleaseNotes\ReleaseNotes.csproj", "{B6B78924-CF52-42BE-AC75-3972FC8FE6A9}"
EndProject
Project("{FAE04EC0-301F-11D3-BF4B-00C04F79EFBC}") = "ReleaseNotesTests", "ReleaseNotesTests\ReleaseNotesTests.csproj", "{4440D4A6-326B-4D3F-9E11-3D7F50088950}"
EndProject
Global
	GlobalSection(SolutionConfigurationPlatforms) = preSolution
		Debug|Any CPU = Debug|Any CPU
		Release|Any CPU = Release|Any CPU
	EndGlobalSection
	GlobalSection(ProjectConfigurationPlatforms) = postSolution
		{B6B78924-CF52-42BE-AC75-3972FC8FE6A9}.Debug|Any CPU.ActiveCfg = Debug|Any CPU
		{B6B78924-CF52-42BE-AC75-3972FC8FE6A9}.Debug|Any CPU.Build.0 = Debug|Any CPU
		{B6B78924-CF52-42BE-AC75-3972FC8FE6A9}.Release|Any CPU.ActiveCfg = Release|Any CPU
		{B6B78924-CF52-42BE-AC75-3972FC8FE6A9}.Release|Any CPU.Build.0 = Release|Any CPU
		{4440D4A6-326B-4D3F-9E11-3D7F50088950}.Debug|Any CPU.ActiveCfg = Debug|Any CPU
		{4440D4A6-326B-4D3F-9E11-3D7F50088950}.Debug|Any CPU.Build.0 = Debug|Any CPU
		{4440D4A6-326B-4D3F-9E11-3D7F50088950}.Release|Any CPU.ActiveCfg = Release|Any CPU
		{4440D4A6-326B-4D3F-9E11-3D7F50088950}.Release|Any CPU.Build.0 = Release|Any CPU
	EndGlobalSection
	GlobalSection(SolutionProperties) = preSolution
		HideSolutionNode = FALSE
	EndGlobalSection
	GlobalSection(ExtensibilityGlobals) = postSolution
		SolutionGuid = {E09AD4AA-7A87-487A-A941-FDF11CED467E}
	EndGlobalSection
EndGlobal
